Microsoft Visual Studio Solution File, Format Version 12.00
# Visual Studio Version 17
VisualStudioVersion = 17.5.2.0
MinimumVisualStudioVersion = 10.0.40219.1
Project("{FAE04EC0-301F-11D3-BF4B-00C04F79EFBC}") = "cse-325-team-13-project", "cse-325-team-13-project.csproj", "{8CE17092-3C29-0087-A40A-ECD41C9C33A6}"
EndProject
Global
	GlobalSection(SolutionConfigurationPlatforms) = preSolution
		Debug|Any CPU = Debug|Any CPU
		Release|Any CPU = Release|Any CPU
	EndGlobalSection
	GlobalSection(ProjectConfigurationPlatforms) = postSolution
		{8CE17092-3C29-0087-A40A-ECD41C9C33A6}.Debug|Any CPU.ActiveCfg = Debug|Any CPU
		{8CE17092-3C29-0087-A40A-ECD41C9C33A6}.Debug|Any CPU.Build.0 = Debug|Any CPU
		{8CE17092-3C29-0087-A40A-ECD41C9C33A6}.Release|Any CPU.ActiveCfg = Release|Any CPU
		{8CE17092-3C29-0087-A40A-ECD41C9C33A6}.Release|Any CPU.Build.0 = Release|Any CPU
	EndGlobalSection
	GlobalSection(SolutionProperties) = preSolution
		HideSolutionNode = FALSE
	EndGlobalSection
	GlobalSection(ExtensibilityGlobals) = postSolution
		SolutionGuid = {5D0493FE-20EE-414A-B199-C7525C824165}
	EndGlobalSection
EndGlobal
